
Microsoft Visual Studio Solution File, Format Version 12.00
Project("{FAE04EC0-301F-11D3-BF4B-00C04F79EFBC}") = "API", "API\API.csproj", "{BD1A0940-9399-4FC5-8A3F-E7CB1381F736}"
EndProject
Project("{FAE04EC0-301F-11D3-BF4B-00C04F79EFBC}") = "Models", "Models\Models.csproj", "{8F66AC29-84EE-4D23-A78F-DADC7E9788C9}"
EndProject
Project("{FAE04EC0-301F-11D3-BF4B-00C04F79EFBC}") = "Infra", "Infra\Infra.csproj", "{FAFDB247-A453-46C9-8267-2C6F859D2858}"
EndProject
Project("{FAE04EC0-301F-11D3-BF4B-00C04F79EFBC}") = "Tests", "Tests\Tests.csproj", "{6BFF5C89-5D30-4A8C-8435-E44AAB763F5C}"
EndProject
Project("{FAE04EC0-301F-11D3-BF4B-00C04F79EFBC}") = "Services", "Services\Services.csproj", "{19E2F7C8-ADDE-4136-BFED-491E07FC30B2}"
EndProject
Global
	GlobalSection(SolutionConfigurationPlatforms) = preSolution
		Debug|Any CPU = Debug|Any CPU
		Release|Any CPU = Release|Any CPU
	EndGlobalSection
	GlobalSection(ProjectConfigurationPlatforms) = postSolution
		{BD1A0940-9399-4FC5-8A3F-E7CB1381F736}.Debug|Any CPU.ActiveCfg = Debug|Any CPU
		{BD1A0940-9399-4FC5-8A3F-E7CB1381F736}.Debug|Any CPU.Build.0 = Debug|Any CPU
		{BD1A0940-9399-4FC5-8A3F-E7CB1381F736}.Release|Any CPU.ActiveCfg = Release|Any CPU
		{BD1A0940-9399-4FC5-8A3F-E7CB1381F736}.Release|Any CPU.Build.0 = Release|Any CPU
		{8F66AC29-84EE-4D23-A78F-DADC7E9788C9}.Debug|Any CPU.ActiveCfg = Debug|Any CPU
		{8F66AC29-84EE-4D23-A78F-DADC7E9788C9}.Debug|Any CPU.Build.0 = Debug|Any CPU
		{8F66AC29-84EE-4D23-A78F-DADC7E9788C9}.Release|Any CPU.ActiveCfg = Release|Any CPU
		{8F66AC29-84EE-4D23-A78F-DADC7E9788C9}.Release|Any CPU.Build.0 = Release|Any CPU
		{FAFDB247-A453-46C9-8267-2C6F859D2858}.Debug|Any CPU.ActiveCfg = Debug|Any CPU
		{FAFDB247-A453-46C9-8267-2C6F859D2858}.Debug|Any CPU.Build.0 = Debug|Any CPU
		{FAFDB247-A453-46C9-8267-2C6F859D2858}.Release|Any CPU.ActiveCfg = Release|Any CPU
		{FAFDB247-A453-46C9-8267-2C6F859D2858}.Release|Any CPU.Build.0 = Release|Any CPU
		{6BFF5C89-5D30-4A8C-8435-E44AAB763F5C}.Debug|Any CPU.ActiveCfg = Debug|Any CPU
		{6BFF5C89-5D30-4A8C-8435-E44AAB763F5C}.Debug|Any CPU.Build.0 = Debug|Any CPU
		{6BFF5C89-5D30-4A8C-8435-E44AAB763F5C}.Release|Any CPU.ActiveCfg = Release|Any CPU
		{6BFF5C89-5D30-4A8C-8435-E44AAB763F5C}.Release|Any CPU.Build.0 = Release|Any CPU
		{19E2F7C8-ADDE-4136-BFED-491E07FC30B2}.Debug|Any CPU.ActiveCfg = Debug|Any CPU
		{19E2F7C8-ADDE-4136-BFED-491E07FC30B2}.Debug|Any CPU.Build.0 = Debug|Any CPU
		{19E2F7C8-ADDE-4136-BFED-491E07FC30B2}.Release|Any CPU.ActiveCfg = Release|Any CPU
		{19E2F7C8-ADDE-4136-BFED-491E07FC30B2}.Release|Any CPU.Build.0 = Release|Any CPU
	EndGlobalSection
EndGlobal
